// !$*UTF8*$!
{
	archiveVersion = 1;
	classes = {
	};
	objectVersion = 56;
	objects = {

/* Begin PBXBuildFile section */
		4E229CE8A47002693992B693 /* Pods_Pexels.framework in Frameworks */ = {isa = PBXBuildFile; fileRef = 4EE6CA415A18E6602C79F627 /* Pods_Pexels.framework */; };
		EC1E17FC2C253EE200818D21 /* PexelsApp.swift in Sources */ = {isa = PBXBuildFile; fileRef = EC1E17FB2C253EE200818D21 /* PexelsApp.swift */; };
		EC1E17FE2C253EE200818D21 /* ContentView.swift in Sources */ = {isa = PBXBuildFile; fileRef = EC1E17FD2C253EE200818D21 /* ContentView.swift */; };
		EC1E18002C253EE600818D21 /* Assets.xcassets in Resources */ = {isa = PBXBuildFile; fileRef = EC1E17FF2C253EE600818D21 /* Assets.xcassets */; };
		EC1E18032C253EE600818D21 /* Preview Assets.xcassets in Resources */ = {isa = PBXBuildFile; fileRef = EC1E18022C253EE600818D21 /* Preview Assets.xcassets */; };
		EC1E180D2C253EE700818D21 /* PexelsTests.swift in Sources */ = {isa = PBXBuildFile; fileRef = EC1E180C2C253EE700818D21 /* PexelsTests.swift */; };
		EC1E18172C253EE700818D21 /* PexelsUITests.swift in Sources */ = {isa = PBXBuildFile; fileRef = EC1E18162C253EE700818D21 /* PexelsUITests.swift */; };
		EC1E18192C253EE700818D21 /* PexelsUITestsLaunchTests.swift in Sources */ = {isa = PBXBuildFile; fileRef = EC1E18182C253EE700818D21 /* PexelsUITestsLaunchTests.swift */; };
		EC1E18262C253F7500818D21 /* Video.swift in Sources */ = {isa = PBXBuildFile; fileRef = EC1E18252C253F7500818D21 /* Video.swift */; };
		EC1E18282C253F9500818D21 /* APIService.swift in Sources */ = {isa = PBXBuildFile; fileRef = EC1E18272C253F9500818D21 /* APIService.swift */; };
		EC1E18322C2542CC00818D21 /* RealmManager.swift in Sources */ = {isa = PBXBuildFile; fileRef = EC1E18312C2542CC00818D21 /* RealmManager.swift */; };
		EC1E18342C25430F00818D21 /* DetailView.swift in Sources */ = {isa = PBXBuildFile; fileRef = EC1E18332C25430F00818D21 /* DetailView.swift */; };
/* End PBXBuildFile section */

/* Begin PBXContainerItemProxy section */
		EC1E18092C253EE700818D21 /* PBXContainerItemProxy */ = {
			isa = PBXContainerItemProxy;
			containerPortal = EC1E17F02C253EE100818D21 /* Project object */;
			proxyType = 1;
			remoteGlobalIDString = EC1E17F72C253EE100818D21;
			remoteInfo = Pexels;
		};
		EC1E18132C253EE700818D21 /* PBXContainerItemProxy */ = {
			isa = PBXContainerItemProxy;
			containerPortal = EC1E17F02C253EE100818D21 /* Project object */;
			proxyType = 1;
			remoteGlobalIDString = EC1E17F72C253EE100818D21;
			remoteInfo = Pexels;
		};
/* End PBXContainerItemProxy section */

/* Begin PBXFileReference section */
		2D4FF12C94DF2568FD84AFA6 /* Pods-Pexels.debug.xcconfig */ = {isa = PBXFileReference; includeInIndex = 1; lastKnownFileType = text.xcconfig; name = "Pods-Pexels.debug.xcconfig"; path = "Target Support Files/Pods-Pexels/Pods-Pexels.debug.xcconfig"; sourceTree = "<group>"; };
		4EE6CA415A18E6602C79F627 /* Pods_Pexels.framework */ = {isa = PBXFileReference; explicitFileType = wrapper.framework; includeInIndex = 0; path = Pods_Pexels.framework; sourceTree = BUILT_PRODUCTS_DIR; };
		B0756F8ADEDFA771B65279A8 /* Pods-Pexels.release.xcconfig */ = {isa = PBXFileReference; includeInIndex = 1; lastKnownFileType = text.xcconfig; name = "Pods-Pexels.release.xcconfig"; path = "Target Support Files/Pods-Pexels/Pods-Pexels.release.xcconfig"; sourceTree = "<group>"; };
		EC1E17F82C253EE200818D21 /* Pexels.app */ = {isa = PBXFileReference; explicitFileType = wrapper.application; includeInIndex = 0; path = Pexels.app; sourceTree = BUILT_PRODUCTS_DIR; };
		EC1E17FB2C253EE200818D21 /* PexelsApp.swift */ = {isa = PBXFileReference; lastKnownFileType = sourcecode.swift; path = PexelsApp.swift; sourceTree = "<group>"; };
		EC1E17FD2C253EE200818D21 /* ContentView.swift */ = {isa = PBXFileReference; lastKnownFileType = sourcecode.swift; path = ContentView.swift; sourceTree = "<group>"; };
		EC1E17FF2C253EE600818D21 /* Assets.xcassets */ = {isa = PBXFileReference; lastKnownFileType = folder.assetcatalog; path = Assets.xcassets; sourceTree = "<group>"; };
		EC1E18022C253EE600818D21 /* Preview Assets.xcassets */ = {isa = PBXFileReference; lastKnownFileType = folder.assetcatalog; path = "Preview Assets.xcassets"; sourceTree = "<group>"; };
		EC1E18082C253EE700818D21 /* PexelsTests.xctest */ = {isa = PBXFileReference; explicitFileType = wrapper.cfbundle; includeInIndex = 0; path = PexelsTests.xctest; sourceTree = BUILT_PRODUCTS_DIR; };
		EC1E180C2C253EE700818D21 /* PexelsTests.swift */ = {isa = PBXFileReference; lastKnownFileType = sourcecode.swift; path = PexelsTests.swift; sourceTree = "<group>"; };
		EC1E18122C253EE700818D21 /* PexelsUITests.xctest */ = {isa = PBXFileReference; explicitFileType = wrapper.cfbundle; includeInIndex = 0; path = PexelsUITests.xctest; sourceTree = BUILT_PRODUCTS_DIR; };
		EC1E18162C253EE700818D21 /* PexelsUITests.swift */ = {isa = PBXFileReference; lastKnownFileType = sourcecode.swift; path = PexelsUITests.swift; sourceTree = "<group>"; };
		EC1E18182C253EE700818D21 /* PexelsUITestsLaunchTests.swift */ = {isa = PBXFileReference; lastKnownFileType = sourcecode.swift; path = PexelsUITestsLaunchTests.swift; sourceTree = "<group>"; };
		EC1E18252C253F7500818D21 /* Video.swift */ = {isa = PBXFileReference; lastKnownFileType = sourcecode.swift; path = Video.swift; sourceTree = "<group>"; };
		EC1E18272C253F9500818D21 /* APIService.swift */ = {isa = PBXFileReference; lastKnownFileType = sourcecode.swift; path = APIService.swift; sourceTree = "<group>"; };
		EC1E18312C2542CC00818D21 /* RealmManager.swift */ = {isa = PBXFileReference; lastKnownFileType = sourcecode.swift; path = RealmManager.swift; sourceTree = "<group>"; };
		EC1E18332C25430F00818D21 /* DetailView.swift */ = {isa = PBXFileReference; lastKnownFileType = sourcecode.swift; path = DetailView.swift; sourceTree = "<group>"; };
/* End PBXFileReference section */

/* Begin PBXFrameworksBuildPhase section */
		EC1E17F52C253EE100818D21 /* Frameworks */ = {
			isa = PBXFrameworksBuildPhase;
			buildActionMask = 2147483647;
			files = (
				4E229CE8A47002693992B693 /* Pods_Pexels.framework in Frameworks */,
			);
			runOnlyForDeploymentPostprocessing = 0;
		};
		EC1E18052C253EE700818D21 /* Frameworks */ = {
			isa = PBXFrameworksBuildPhase;
			buildActionMask = 2147483647;
			files = (
			);
			runOnlyForDeploymentPostprocessing = 0;
		};
		EC1E180F2C253EE700818D21 /* Frameworks */ = {
			isa = PBXFrameworksBuildPhase;
			buildActionMask = 2147483647;
			files = (
			);
			runOnlyForDeploymentPostprocessing = 0;
		};
/* End PBXFrameworksBuildPhase section */

/* Begin PBXGroup section */
		03C06EC081F51544AB5E2EEE /* Pods */ = {
			isa = PBXGroup;
			children = (
				2D4FF12C94DF2568FD84AFA6 /* Pods-Pexels.debug.xcconfig */,
				B0756F8ADEDFA771B65279A8 /* Pods-Pexels.release.xcconfig */,
			);
			path = Pods;
			sourceTree = "<group>";
		};
		20E3DC1A63EAAB55E4E390B2 /* Frameworks */ = {
			isa = PBXGroup;
			children = (
				4EE6CA415A18E6602C79F627 /* Pods_Pexels.framework */,
			);
			name = Frameworks;
			sourceTree = "<group>";
		};
		EC1E17EF2C253EE100818D21 = {
			isa = PBXGroup;
			children = (
				EC1E17FA2C253EE200818D21 /* Pexels */,
				EC1E180B2C253EE700818D21 /* PexelsTests */,
				EC1E18152C253EE700818D21 /* PexelsUITests */,
				EC1E17F92C253EE200818D21 /* Products */,
				03C06EC081F51544AB5E2EEE /* Pods */,
				20E3DC1A63EAAB55E4E390B2 /* Frameworks */,
			);
			sourceTree = "<group>";
		};
		EC1E17F92C253EE200818D21 /* Products */ = {
			isa = PBXGroup;
			children = (
				EC1E17F82C253EE200818D21 /* Pexels.app */,
				EC1E18082C253EE700818D21 /* PexelsTests.xctest */,
				EC1E18122C253EE700818D21 /* PexelsUITests.xctest */,
			);
			name = Products;
			sourceTree = "<group>";
		};
		EC1E17FA2C253EE200818D21 /* Pexels */ = {
			isa = PBXGroup;
			children = (
				EC1E17FB2C253EE200818D21 /* PexelsApp.swift */,
				EC1E17FD2C253EE200818D21 /* ContentView.swift */,
				EC1E18252C253F7500818D21 /* Video.swift */,
				EC1E18272C253F9500818D21 /* APIService.swift */,
				EC1E18312C2542CC00818D21 /* RealmManager.swift */,
				EC1E18332C25430F00818D21 /* DetailView.swift */,
				EC1E17FF2C253EE600818D21 /* Assets.xcassets */,
				EC1E18012C253EE600818D21 /* Preview Content */,
			);
			path = Pexels;
			sourceTree = "<group>";
		};
		EC1E18012C253EE600818D21 /* Preview Content */ = {
			isa = PBXGroup;
			children = (
				EC1E18022C253EE600818D21 /* Preview Assets.xcassets */,
			);
			path = "Preview Content";
			sourceTree = "<group>";
		};
		EC1E180B2C253EE700818D21 /* PexelsTests */ = {
			isa = PBXGroup;
			children = (
				EC1E180C2C253EE700818D21 /* PexelsTests.swift */,
			);
			path = PexelsTests;
			sourceTree = "<group>";
		};
		EC1E18152C253EE700818D21 /* PexelsUITests */ = {
			isa = PBXGroup;
			children = (
				EC1E18162C253EE700818D21 /* PexelsUITests.swift */,
				EC1E18182C253EE700818D21 /* PexelsUITestsLaunchTests.swift */,
			);
			path = PexelsUITests;
			sourceTree = "<group>";
		};
/* End PBXGroup section */

/* Begin PBXNativeTarget section */
		EC1E17F72C253EE100818D21 /* Pexels */ = {
			isa = PBXNativeTarget;
			buildConfigurationList = EC1E181C2C253EE700818D21 /* Build configuration list for PBXNativeTarget "Pexels" */;
			buildPhases = (
				58E4FF7A471931480193564D /* [CP] Check Pods Manifest.lock */,
				EC1E17F42C253EE100818D21 /* Sources */,
				EC1E17F52C253EE100818D21 /* Frameworks */,
				EC1E17F62C253EE100818D21 /* Resources */,
				DAF20BB53B50803552694207 /* [CP] Embed Pods Frameworks */,
			);
			buildRules = (
			);
			dependencies = (
			);
			name = Pexels;
			productName = Pexels;
			productReference = EC1E17F82C253EE200818D21 /* Pexels.app */;
			productType = "com.apple.product-type.application";
		};
		EC1E18072C253EE700818D21 /* PexelsTests */ = {
			isa = PBXNativeTarget;
			buildConfigurationList = EC1E181F2C253EE700818D21 /* Build configuration list for PBXNativeTarget "PexelsTests" */;
			buildPhases = (
				EC1E18042C253EE700818D21 /* Sources */,
				EC1E18052C253EE700818D21 /* Frameworks */,
				EC1E18062C253EE700818D21 /* Resources */,
			);
			buildRules = (
			);
			dependencies = (
				EC1E180A2C253EE700818D21 /* PBXTargetDependency */,
			);
			name = PexelsTests;
			productName = PexelsTests;
			productReference = EC1E18082C253EE700818D21 /* PexelsTests.xctest */;
			productType = "com.apple.product-type.bundle.unit-test";
		};
		EC1E18112C253EE700818D21 /* PexelsUITests */ = {
			isa = PBXNativeTarget;
			buildConfigurationList = EC1E18222C253EE700818D21 /* Build configuration list for PBXNativeTarget "PexelsUITests" */;
			buildPhases = (
				EC1E180E2C253EE700818D21 /* Sources */,
				EC1E180F2C253EE700818D21 /* Frameworks */,
				EC1E18102C253EE700818D21 /* Resources */,
			);
			buildRules = (
			);
			dependencies = (
				EC1E18142C253EE700818D21 /* PBXTargetDependency */,
			);
			name = PexelsUITests;
			productName = PexelsUITests;
			productReference = EC1E18122C253EE700818D21 /* PexelsUITests.xctest */;
			productType = "com.apple.product-type.bundle.ui-testing";
		};
/* End PBXNativeTarget section */

/* Begin PBXProject section */
		EC1E17F02C253EE100818D21 /* Project object */ = {
			isa = PBXProject;
			attributes = {
				BuildIndependentTargetsInParallel = 1;
				LastSwiftUpdateCheck = 1540;
				LastUpgradeCheck = 1540;
				TargetAttributes = {
					EC1E17F72C253EE100818D21 = {
						CreatedOnToolsVersion = 15.4;
					};
					EC1E18072C253EE700818D21 = {
						CreatedOnToolsVersion = 15.4;
						TestTargetID = EC1E17F72C253EE100818D21;
					};
					EC1E18112C253EE700818D21 = {
						CreatedOnToolsVersion = 15.4;
						TestTargetID = EC1E17F72C253EE100818D21;
					};
				};
			};
			buildConfigurationList = EC1E17F32C253EE100818D21 /* Build configuration list for PBXProject "Pexels" */;
			compatibilityVersion = "Xcode 14.0";
			developmentRegion = en;
			hasScannedForEncodings = 0;
			knownRegions = (
				en,
				Base,
			);
			mainGroup = EC1E17EF2C253EE100818D21;
			productRefGroup = EC1E17F92C253EE200818D21 /* Products */;
			projectDirPath = "";
			projectRoot = "";
			targets = (
				EC1E17F72C253EE100818D21 /* Pexels */,
				EC1E18072C253EE700818D21 /* PexelsTests */,
				EC1E18112C253EE700818D21 /* PexelsUITests */,
			);
		};
/* End PBXProject section */

/* Begin PBXResourcesBuildPhase section */
		EC1E17F62C253EE100818D21 /* Resources */ = {
			isa = PBXResourcesBuildPhase;
			buildActionMask = 2147483647;
			files = (
				EC1E18032C253EE600818D21 /* Preview Assets.xcassets in Resources */,
				EC1E18002C253EE600818D21 /* Assets.xcassets in Resources */,
			);
			runOnlyForDeploymentPostprocessing = 0;
		};
		EC1E18062C253EE700818D21 /* Resources */ = {
			isa = PBXResourcesBuildPhase;
			buildActionMask = 2147483647;
			files = (
			);
			runOnlyForDeploymentPostprocessing = 0;
		};
		EC1E18102C253EE700818D21 /* Resources */ = {
			isa = PBXResourcesBuildPhase;
			buildActionMask = 2147483647;
			files = (
			);
			runOnlyForDeploymentPostprocessing = 0;
		};
/* End PBXResourcesBuildPhase section */

/* Begin PBXShellScriptBuildPhase section */
		58E4FF7A471931480193564D /* [CP] Check Pods Manifest.lock */ = {
			isa = PBXShellScriptBuildPhase;
			buildActionMask = 2147483647;
			files = (
			);
			inputFileListPaths = (
			);
			inputPaths = (
				"${PODS_PODFILE_DIR_PATH}/Podfile.lock",
				"${PODS_ROOT}/Manifest.lock",
			);
			name = "[CP] Check Pods Manifest.lock";
			outputFileListPaths = (
			);
			outputPaths = (
				"$(DERIVED_FILE_DIR)/Pods-Pexels-checkManifestLockResult.txt",
			);
			runOnlyForDeploymentPostprocessing = 0;
			shellPath = /bin/sh;
			shellScript = "diff \"${PODS_PODFILE_DIR_PATH}/Podfile.lock\" \"${PODS_ROOT}/Manifest.lock\" > /dev/null\nif [ $? != 0 ] ; then\n    # print error to STDERR\n    echo \"error: The sandbox is not in sync with the Podfile.lock. Run 'pod install' or update your CocoaPods installation.\" >&2\n    exit 1\nfi\n# This output is used by Xcode 'outputs' to avoid re-running this script phase.\necho \"SUCCESS\" > \"${SCRIPT_OUTPUT_FILE_0}\"\n";
			showEnvVarsInLog = 0;
		};
		DAF20BB53B50803552694207 /* [CP] Embed Pods Frameworks */ = {
			isa = PBXShellScriptBuildPhase;
			buildActionMask = 2147483647;
			files = (
			);
			inputFileListPaths = (
				"${PODS_ROOT}/Target Support Files/Pods-Pexels/Pods-Pexels-frameworks-${CONFIGURATION}-input-files.xcfilelist",
			);
			name = "[CP] Embed Pods Frameworks";
			outputFileListPaths = (
				"${PODS_ROOT}/Target Support Files/Pods-Pexels/Pods-Pexels-frameworks-${CONFIGURATION}-output-files.xcfilelist",
			);
			runOnlyForDeploymentPostprocessing = 0;
			shellPath = /bin/sh;
			shellScript = "\"${PODS_ROOT}/Target Support Files/Pods-Pexels/Pods-Pexels-frameworks.sh\"\n";
			showEnvVarsInLog = 0;
		};
/* End PBXShellScriptBuildPhase section */

/* Begin PBXSourcesBuildPhase section */
		EC1E17F42C253EE100818D21 /* Sources */ = {
			isa = PBXSourcesBuildPhase;
			buildActionMask = 2147483647;
			files = (
				EC1E18342C25430F00818D21 /* DetailView.swift in Sources */,
				EC1E17FE2C253EE200818D21 /* ContentView.swift in Sources */,
				EC1E18322C2542CC00818D21 /* RealmManager.swift in Sources */,
				EC1E17FC2C253EE200818D21 /* PexelsApp.swift in Sources */,
				EC1E18282C253F9500818D21 /* APIService.swift in Sources */,
				EC1E18262C253F7500818D21 /* Video.swift in Sources */,
			);
			runOnlyForDeploymentPostprocessing = 0;
		};
		EC1E18042C253EE700818D21 /* Sources */ = {
			isa = PBXSourcesBuildPhase;
			buildActionMask = 2147483647;
			files = (
				EC1E180D2C253EE700818D21 /* PexelsTests.swift in Sources */,
			);
			runOnlyForDeploymentPostprocessing = 0;
		};
		EC1E180E2C253EE700818D21 /* Sources */ = {
			isa = PBXSourcesBuildPhase;
			buildActionMask = 2147483647;
			files = (
				EC1E18172C253EE700818D21 /* PexelsUITests.swift in Sources */,
				EC1E18192C253EE700818D21 /* PexelsUITestsLaunchTests.swift in Sources */,
			);
			runOnlyForDeploymentPostprocessing = 0;
		};
/* End PBXSourcesBuildPhase section */

/* Begin PBXTargetDependency section */
		EC1E180A2C253EE700818D21 /* PBXTargetDependency */ = {
			isa = PBXTargetDependency;
			target = EC1E17F72C253EE100818D21 /* Pexels */;
			targetProxy = EC1E18092C253EE700818D21 /* PBXContainerItemProxy */;
		};
		EC1E18142C253EE700818D21 /* PBXTargetDependency */ = {
			isa = PBXTargetDependency;
			target = EC1E17F72C253EE100818D21 /* Pexels */;
			targetProxy = EC1E18132C253EE700818D21 /* PBXContainerItemProxy */;
		};
/* End PBXTargetDependency section */

/* Begin XCBuildConfiguration section */
		EC1E181A2C253EE700818D21 /* Debug */ = {
			isa = XCBuildConfiguration;
			buildSettings = {
				ALWAYS_SEARCH_USER_PATHS = NO;
				ASSETCATALOG_COMPILER_GENERATE_SWIFT_ASSET_SYMBOL_EXTENSIONS = YES;
				CLANG_ANALYZER_NONNULL = YES;
				CLANG_ANALYZER_NUMBER_OBJECT_CONVERSION = YES_AGGRESSIVE;
				CLANG_CXX_LANGUAGE_STANDARD = "gnu++20";
				CLANG_ENABLE_MODULES = YES;
				CLANG_ENABLE_OBJC_ARC = YES;
				CLANG_ENABLE_OBJC_WEAK = YES;
				CLANG_WARN_BLOCK_CAPTURE_AUTORELEASING = YES;
				CLANG_WARN_BOOL_CONVERSION = YES;
				CLANG_WARN_COMMA = YES;
				CLANG_WARN_CONSTANT_CONVERSION = YES;
				CLANG_WARN_DEPRECATED_OBJC_IMPLEMENTATIONS = YES;
				CLANG_WARN_DIRECT_OBJC_ISA_USAGE = YES_ERROR;
				CLANG_WARN_DOCUMENTATION_COMMENTS = YES;
				CLANG_WARN_EMPTY_BODY = YES;
				CLANG_WARN_ENUM_CONVERSION = YES;
				CLANG_WARN_INFINITE_RECURSION = YES;
				CLANG_WARN_INT_CONVERSION = YES;
				CLANG_WARN_NON_LITERAL_NULL_CONVERSION = YES;
				CLANG_WARN_OBJC_IMPLICIT_RETAIN_SELF = YES;
				CLANG_WARN_OBJC_LITERAL_CONVERSION = YES;
				CLANG_WARN_OBJC_ROOT_CLASS = YES_ERROR;
				CLANG_WARN_QUOTED_INCLUDE_IN_FRAMEWORK_HEADER = YES;
				CLANG_WARN_RANGE_LOOP_ANALYSIS = YES;
				CLANG_WARN_STRICT_PROTOTYPES = YES;
				CLANG_WARN_SUSPICIOUS_MOVE = YES;
				CLANG_WARN_UNGUARDED_AVAILABILITY = YES_AGGRESSIVE;
				CLANG_WARN_UNREACHABLE_CODE = YES;
				CLANG_WARN__DUPLICATE_METHOD_MATCH = YES;
				COPY_PHASE_STRIP = NO;
				DEBUG_INFORMATION_FORMAT = dwarf;
				ENABLE_STRICT_OBJC_MSGSEND = YES;
				ENABLE_TESTABILITY = YES;
				ENABLE_USER_SCRIPT_SANDBOXING = YES;
				GCC_C_LANGUAGE_STANDARD = gnu17;
				GCC_DYNAMIC_NO_PIC = NO;
				GCC_NO_COMMON_BLOCKS = YES;
				GCC_OPTIMIZATION_LEVEL = 0;
				GCC_PREPROCESSOR_DEFINITIONS = (
					"DEBUG=1",
					"$(inherited)",
				);
				GCC_WARN_64_TO_32_BIT_CONVERSION = YES;
				GCC_WARN_ABOUT_RETURN_TYPE = YES_ERROR;
				GCC_WARN_UNDECLARED_SELECTOR = YES;
				GCC_WARN_UNINITIALIZED_AUTOS = YES_AGGRESSIVE;
				GCC_WARN_UNUSED_FUNCTION = YES;
				GCC_WARN_UNUSED_VARIABLE = YES;
				IPHONEOS_DEPLOYMENT_TARGET = 17.5;
				LOCALIZATION_PREFERS_STRING_CATALOGS = YES;
				MTL_ENABLE_DEBUG_INFO = INCLUDE_SOURCE;
				MTL_FAST_MATH = YES;
				ONLY_ACTIVE_ARCH = YES;
				SDKROOT = iphoneos;
				SWIFT_ACTIVE_COMPILATION_CONDITIONS = "DEBUG $(inherited)";
				SWIFT_OPTIMIZATION_LEVEL = "-Onone";
			};
			name = Debug;
		};
		EC1E181B2C253EE700818D21 /* Release */ = {
			isa = XCBuildConfiguration;
			buildSettings = {
				ALWAYS_SEARCH_USER_PATHS = NO;
				ASSETCATALOG_COMPILER_GENERATE_SWIFT_ASSET_SYMBOL_EXTENSIONS = YES;
				CLANG_ANALYZER_NONNULL = YES;
				CLANG_ANALYZER_NUMBER_OBJECT_CONVERSION = YES_AGGRESSIVE;
				CLANG_CXX_LANGUAGE_STANDARD = "gnu++20";
				CLANG_ENABLE_MODULES = YES;
				CLANG_ENABLE_OBJC_ARC = YES;
				CLANG_ENABLE_OBJC_WEAK = YES;
				CLANG_WARN_BLOCK_CAPTURE_AUTORELEASING = YES;
				CLANG_WARN_BOOL_CONVERSION = YES;
				CLANG_WARN_COMMA = YES;
				CLANG_WARN_CONSTANT_CONVERSION = YES;
				CLANG_WARN_DEPRECATED_OBJC_IMPLEMENTATIONS = YES;
				CLANG_WARN_DIRECT_OBJC_ISA_USAGE = YES_ERROR;
				CLANG_WARN_DOCUMENTATION_COMMENTS = YES;
				CLANG_WARN_EMPTY_BODY = YES;
				CLANG_WARN_ENUM_CONVERSION = YES;
				CLANG_WARN_INFINITE_RECURSION = YES;
				CLANG_WARN_INT_CONVERSION = YES;
				CLANG_WARN_NON_LITERAL_NULL_CONVERSION = YES;
				CLANG_WARN_OBJC_IMPLICIT_RETAIN_SELF = YES;
				CLANG_WARN_OBJC_LITERAL_CONVERSION = YES;
				CLANG_WARN_OBJC_ROOT_CLASS = YES_ERROR;
				CLANG_WARN_QUOTED_INCLUDE_IN_FRAMEWORK_HEADER = YES;
				CLANG_WARN_RANGE_LOOP_ANALYSIS = YES;
				CLANG_WARN_STRICT_PROTOTYPES = YES;
				CLANG_WARN_SUSPICIOUS_MOVE = YES;
				CLANG_WARN_UNGUARDED_AVAILABILITY = YES_AGGRESSIVE;
				CLANG_WARN_UNREACHABLE_CODE = YES;
				CLANG_WARN__DUPLICATE_METHOD_MATCH = YES;
				COPY_PHASE_STRIP = NO;
				DEBUG_INFORMATION_FORMAT = "dwarf-with-dsym";
				ENABLE_NS_ASSERTIONS = NO;
				ENABLE_STRICT_OBJC_MSGSEND = YES;
				ENABLE_USER_SCRIPT_SANDBOXING = YES;
				GCC_C_LANGUAGE_STANDARD = gnu17;
				GCC_NO_COMMON_BLOCKS = YES;
				GCC_WARN_64_TO_32_BIT_CONVERSION = YES;
				GCC_WARN_ABOUT_RETURN_TYPE = YES_ERROR;
				GCC_WARN_UNDECLARED_SELECTOR = YES;
				GCC_WARN_UNINITIALIZED_AUTOS = YES_AGGRESSIVE;
				GCC_WARN_UNUSED_FUNCTION = YES;
				GCC_WARN_UNUSED_VARIABLE = YES;
				IPHONEOS_DEPLOYMENT_TARGET = 17.5;
				LOCALIZATION_PREFERS_STRING_CATALOGS = YES;
				MTL_ENABLE_DEBUG_INFO = NO;
				MTL_FAST_MATH = YES;
				SDKROOT = iphoneos;
				SWIFT_COMPILATION_MODE = wholemodule;
				VALIDATE_PRODUCT = YES;
			};
			name = Release;
		};
		EC1E181D2C253EE700818D21 /* Debug */ = {
			isa = XCBuildConfiguration;
			baseConfigurationReference = 2D4FF12C94DF2568FD84AFA6 /* Pods-Pexels.debug.xcconfig */;
			buildSettings = {
				ASSETCATALOG_COMPILER_APPICON_NAME = AppIcon;
				ASSETCATALOG_COMPILER_GLOBAL_ACCENT_COLOR_NAME = AccentColor;
				CODE_SIGN_STYLE = Automatic;
				CURRENT_PROJECT_VERSION = 1;
				DEVELOPMENT_ASSET_PATHS = "\"Pexels/Preview Content\"";
				ENABLE_PREVIEWS = YES;
				GENERATE_INFOPLIST_FILE = YES;
				INFOPLIST_KEY_UIApplicationSceneManifest_Generation = YES;
				INFOPLIST_KEY_UIApplicationSupportsIndirectInputEvents = YES;
				INFOPLIST_KEY_UILaunchScreen_Generation = YES;
				INFOPLIST_KEY_UISupportedInterfaceOrientations_iPad = "UIInterfaceOrientationPortrait UIInterfaceOrientationPortraitUpsideDown UIInterfaceOrientationLandscapeLeft UIInterfaceOrientationLandscapeRight";
				INFOPLIST_KEY_UISupportedInterfaceOrientations_iPhone = "UIInterfaceOrientationPortrait UIInterfaceOrientationLandscapeLeft UIInterfaceOrientationLandscapeRight";
				LD_RUNPATH_SEARCH_PATHS = (
					"$(inherited)",
					"@executable_path/Frameworks",
				);
				MARKETING_VERSION = 1.0;
				PRODUCT_BUNDLE_IDENTIFIER = armandoOlguin.Pexels;
				PRODUCT_NAME = "$(TARGET_NAME)";
				SWIFT_EMIT_LOC_STRINGS = YES;
				SWIFT_VERSION = 5.0;
				TARGETED_DEVICE_FAMILY = "1,2";
			};
			name = Debug;
		};
		EC1E181E2C253EE700818D21 /* Release */ = {
			isa = XCBuildConfiguration;
			baseConfigurationReference = B0756F8ADEDFA771B65279A8 /* Pods-Pexels.release.xcconfig */;
			buildSettings = {
				ASSETCATALOG_COMPILER_APPICON_NAME = AppIcon;
				ASSETCATALOG_COMPILER_GLOBAL_ACCENT_COLOR_NAME = AccentColor;
				CODE_SIGN_STYLE = Automatic;
				CURRENT_PROJECT_VERSION = 1;
				DEVELOPMENT_ASSET_PATHS = "\"Pexels/Preview Content\"";
				ENABLE_PREVIEWS = YES;
				GENERATE_INFOPLIST_FILE = YES;
				INFOPLIST_KEY_UIApplicationSceneManifest_Generation = YES;
				INFOPLIST_KEY_UIApplicationSupportsIndirectInputEvents = YES;
				INFOPLIST_KEY_UILaunchScreen_Generation = YES;
				INFOPLIST_KEY_UISupportedInterfaceOrientations_iPad = "UIInterfaceOrientationPortrait UIInterfaceOrientationPortraitUpsideDown UIInterfaceOrientationLandscapeLeft UIInterfaceOrientationLandscapeRight";
				INFOPLIST_KEY_UISupportedInterfaceOrientations_iPhone = "UIInterfaceOrientationPortrait UIInterfaceOrientationLandscapeLeft UIInterfaceOrientationLandscapeRight";
				LD_RUNPATH_SEARCH_PATHS = (
					"$(inherited)",
					"@executable_path/Frameworks",
				);
				MARKETING_VERSION = 1.0;
				PRODUCT_BUNDLE_IDENTIFIER = armandoOlguin.Pexels;
				PRODUCT_NAME = "$(TARGET_NAME)";
				SWIFT_EMIT_LOC_STRINGS = YES;
				SWIFT_VERSION = 5.0;
				TARGETED_DEVICE_FAMILY = "1,2";
			};
			name = Release;
		};
		EC1E18202C253EE700818D21 /* Debug */ = {
			isa = XCBuildConfiguration;
			buildSettings = {
				ALWAYS_EMBED_SWIFT_STANDARD_LIBRARIES = YES;
				BUNDLE_LOADER = "$(TEST_HOST)";
				CODE_SIGN_STYLE = Automatic;
				CURRENT_PROJECT_VERSION = 1;
				GENERATE_INFOPLIST_FILE = YES;
				IPHONEOS_DEPLOYMENT_TARGET = 17.5;
				MARKETING_VERSION = 1.0;
				PRODUCT_BUNDLE_IDENTIFIER = armandoOlguin.PexelsTests;
				PRODUCT_NAME = "$(TARGET_NAME)";
				SWIFT_EMIT_LOC_STRINGS = NO;
				SWIFT_VERSION = 5.0;
				TARGETED_DEVICE_FAMILY = "1,2";
				TEST_HOST = "$(BUILT_PRODUCTS_DIR)/Pexels.app/$(BUNDLE_EXECUTABLE_FOLDER_PATH)/Pexels";
			};
			name = Debug;
		};
		EC1E18212C253EE700818D21 /* Release */ = {
			isa = XCBuildConfiguration;
			buildSettings = {
				ALWAYS_EMBED_SWIFT_STANDARD_LIBRARIES = YES;
				BUNDLE_LOADER = "$(TEST_HOST)";
				CODE_SIGN_STYLE = Automatic;
				CURRENT_PROJECT_VERSION = 1;
				GENERATE_INFOPLIST_FILE = YES;
				IPHONEOS_DEPLOYMENT_TARGET = 17.5;
				MARKETING_VERSION = 1.0;
				PRODUCT_BUNDLE_IDENTIFIER = armandoOlguin.PexelsTests;
				PRODUCT_NAME = "$(TARGET_NAME)";
				SWIFT_EMIT_LOC_STRINGS = NO;
				SWIFT_VERSION = 5.0;
				TARGETED_DEVICE_FAMILY = "1,2";
				TEST_HOST = "$(BUILT_PRODUCTS_DIR)/Pexels.app/$(BUNDLE_EXECUTABLE_FOLDER_PATH)/Pexels";
			};
			name = Release;
		};
		EC1E18232C253EE700818D21 /* Debug */ = {
			isa = XCBuildConfiguration;
			buildSettings = {
				ALWAYS_EMBED_SWIFT_STANDARD_LIBRARIES = YES;
				CODE_SIGN_STYLE = Automatic;
				CURRENT_PROJECT_VERSION = 1;
				GENERATE_INFOPLIST_FILE = YES;
				MARKETING_VERSION = 1.0;
				PRODUCT_BUNDLE_IDENTIFIER = armandoOlguin.PexelsUITests;
				PRODUCT_NAME = "$(TARGET_NAME)";
				SWIFT_EMIT_LOC_STRINGS = NO;
				SWIFT_VERSION = 5.0;
				TARGETED_DEVICE_FAMILY = "1,2";
				TEST_TARGET_NAME = Pexels;
			};
			name = Debug;
		};
		EC1E18242C253EE700818D21 /* Release */ = {
			isa = XCBuildConfiguration;
			buildSettings = {
				ALWAYS_EMBED_SWIFT_STANDARD_LIBRARIES = YES;
				CODE_SIGN_STYLE = Automatic;
				CURRENT_PROJECT_VERSION = 1;
				GENERATE_INFOPLIST_FILE = YES;
				MARKETING_VERSION = 1.0;
				PRODUCT_BUNDLE_IDENTIFIER = armandoOlguin.PexelsUITests;
				PRODUCT_NAME = "$(TARGET_NAME)";
				SWIFT_EMIT_LOC_STRINGS = NO;
				SWIFT_VERSION = 5.0;
				TARGETED_DEVICE_FAMILY = "1,2";
				TEST_TARGET_NAME = Pexels;
			};
			name = Release;
		};
/* End XCBuildConfiguration section */

/* Begin XCConfigurationList section */
		EC1E17F32C253EE100818D21 /* Build configuration list for PBXProject "Pexels" */ = {
			isa = XCConfigurationList;
			buildConfigurations = (
				EC1E181A2C253EE700818D21 /* Debug */,
				EC1E181B2C253EE700818D21 /* Release */,
			);
			defaultConfigurationIsVisible = 0;
			defaultConfigurationName = Release;
		};
		EC1E181C2C253EE700818D21 /* Build configuration list for PBXNativeTarget "Pexels" */ = {
			isa = XCConfigurationList;
			buildConfigurations = (
				EC1E181D2C253EE700818D21 /* Debug */,
				EC1E181E2C253EE700818D21 /* Release */,
			);
			defaultConfigurationIsVisible = 0;
			defaultConfigurationName = Release;
		};
		EC1E181F2C253EE700818D21 /* Build configuration list for PBXNativeTarget "PexelsTests" */ = {
			isa = XCConfigurationList;
			buildConfigurations = (
				EC1E18202C253EE700818D21 /* Debug */,
				EC1E18212C253EE700818D21 /* Release */,
			);
			defaultConfigurationIsVisible = 0;
			defaultConfigurationName = Release;
		};
		EC1E18222C253EE700818D21 /* Build configuration list for PBXNativeTarget "PexelsUITests" */ = {
			isa = XCConfigurationList;
			buildConfigurations = (
				EC1E18232C253EE700818D21 /* Debug */,
				EC1E18242C253EE700818D21 /* Release */,
			);
			defaultConfigurationIsVisible = 0;
			defaultConfigurationName = Release;
		};
/* End XCConfigurationList section */
	};
	rootObject = EC1E17F02C253EE100818D21 /* Project object */;
}
